
Microsoft Visual Studio Solution File, Format Version 12.00
# Visual Studio Version 17
VisualStudioVersion = 17.2.32630.192
MinimumVisualStudioVersion = 10.0.40219.1
Project("{9A19103F-16F7-4668-BE54-9A1E7A4F7556}") = "R5T.I0001", "R5T.I0001\R5T.I0001.csproj", "{E0DF1E35-C6BC-43E3-B51E-88ACE3BAD8FF}"
EndProject
Project("{2150E333-8FDC-42A3-9474-1A3956D46DE8}") = "_Dependencies", "_Dependencies", "{7C254A5A-C49C-4D33-B7CC-BA6660C526F5}"
EndProject
Project("{9A19103F-16F7-4668-BE54-9A1E7A4F7556}") = "R5T.T0147", "..\..\R5T.T0147\source\R5T.T0147\R5T.T0147.csproj", "{9E19A47D-6E02-4212-8D8F-4FA8A4BD980A}"
EndProject
Project("{9A19103F-16F7-4668-BE54-9A1E7A4F7556}") = "R5T.NG0002", "..\..\R5T.NG0002\source\R5T.NG0002\R5T.NG0002.csproj", "{3F89557E-8508-444C-B566-EF4917D88F0A}"
EndProject
Project("{9A19103F-16F7-4668-BE54-9A1E7A4F7556}") = "R5T.T0132", "..\..\R5T.T0132\source\R5T.T0132\R5T.T0132.csproj", "{22490722-7814-48C6-80AB-DCC7DC7B5FF9}"
EndProject
Project("{9A19103F-16F7-4668-BE54-9A1E7A4F7556}") = "R5T.T0142", "..\..\R5T.T0142\source\R5T.T0142\R5T.T0142.csproj", "{364F514A-3E0F-4483-8DB8-C90669870528}"
EndProject
Project("{9A19103F-16F7-4668-BE54-9A1E7A4F7556}") = "R5T.T0143", "..\..\R5T.T0143\source\R5T.T0143\R5T.T0143.csproj", "{BD5EA6BC-78AA-48A3-90A3-06B5923D8009}"
EndProject
Project("{9A19103F-16F7-4668-BE54-9A1E7A4F7556}") = "R5T.T0147.T000", "..\..\R5T.T0147\source\R5T.T0147.T000\R5T.T0147.T000.csproj", "{D7909DDF-26CC-42A2-B726-06F0EB532AA6}"
EndProject
Project("{9A19103F-16F7-4668-BE54-9A1E7A4F7556}") = "R5T.T0147.T001", "..\..\R5T.T0147\source\R5T.T0147.T001\R5T.T0147.T001.csproj", "{9241F693-4A54-4270-9A5F-F398C393BA56}"
EndProject
Global
	GlobalSection(NestedProjects) = preSolution
		{9E19A47D-6E02-4212-8D8F-4FA8A4BD980A} = {7C254A5A-C49C-4D33-B7CC-BA6660C526F5}
		{3F89557E-8508-444C-B566-EF4917D88F0A} = {7C254A5A-C49C-4D33-B7CC-BA6660C526F5}
		{22490722-7814-48C6-80AB-DCC7DC7B5FF9} = {7C254A5A-C49C-4D33-B7CC-BA6660C526F5}
		{364F514A-3E0F-4483-8DB8-C90669870528} = {7C254A5A-C49C-4D33-B7CC-BA6660C526F5}
		{BD5EA6BC-78AA-48A3-90A3-06B5923D8009} = {7C254A5A-C49C-4D33-B7CC-BA6660C526F5}
		{D7909DDF-26CC-42A2-B726-06F0EB532AA6} = {7C254A5A-C49C-4D33-B7CC-BA6660C526F5}
		{9241F693-4A54-4270-9A5F-F398C393BA56} = {7C254A5A-C49C-4D33-B7CC-BA6660C526F5}
	EndGlobalSection
	GlobalSection(SolutionConfigurationPlatforms) = preSolution
		Debug|Any CPU = Debug|Any CPU
		Release|Any CPU = Release|Any CPU
	EndGlobalSection
	GlobalSection(ProjectConfigurationPlatforms) = postSolution
		{E0DF1E35-C6BC-43E3-B51E-88ACE3BAD8FF}.Debug|Any CPU.ActiveCfg = Debug|Any CPU
		{E0DF1E35-C6BC-43E3-B51E-88ACE3BAD8FF}.Debug|Any CPU.Build.0 = Debug|Any CPU
		{E0DF1E35-C6BC-43E3-B51E-88ACE3BAD8FF}.Release|Any CPU.ActiveCfg = Release|Any CPU
		{E0DF1E35-C6BC-43E3-B51E-88ACE3BAD8FF}.Release|Any CPU.Build.0 = Release|Any CPU
		{9E19A47D-6E02-4212-8D8F-4FA8A4BD980A}.Debug|Any CPU.ActiveCfg = Debug|Any CPU
		{9E19A47D-6E02-4212-8D8F-4FA8A4BD980A}.Debug|Any CPU.Build.0 = Debug|Any CPU
		{9E19A47D-6E02-4212-8D8F-4FA8A4BD980A}.Release|Any CPU.ActiveCfg = Release|Any CPU
		{9E19A47D-6E02-4212-8D8F-4FA8A4BD980A}.Release|Any CPU.Build.0 = Release|Any CPU
		{3F89557E-8508-444C-B566-EF4917D88F0A}.Debug|Any CPU.ActiveCfg = Debug|Any CPU
		{3F89557E-8508-444C-B566-EF4917D88F0A}.Debug|Any CPU.Build.0 = Debug|Any CPU
		{3F89557E-8508-444C-B566-EF4917D88F0A}.Release|Any CPU.ActiveCfg = Release|Any CPU
		{3F89557E-8508-444C-B566-EF4917D88F0A}.Release|Any CPU.Build.0 = Release|Any CPU
		{22490722-7814-48C6-80AB-DCC7DC7B5FF9}.Debug|Any CPU.ActiveCfg = Debug|Any CPU
		{22490722-7814-48C6-80AB-DCC7DC7B5FF9}.Debug|Any CPU.Build.0 = Debug|Any CPU
		{22490722-7814-48C6-80AB-DCC7DC7B5FF9}.Release|Any CPU.ActiveCfg = Release|Any CPU
		{22490722-7814-48C6-80AB-DCC7DC7B5FF9}.Release|Any CPU.Build.0 = Release|Any CPU
		{364F514A-3E0F-4483-8DB8-C90669870528}.Debug|Any CPU.ActiveCfg = Debug|Any CPU
		{364F514A-3E0F-4483-8DB8-C90669870528}.Debug|Any CPU.Build.0 = Debug|Any CPU
		{364F514A-3E0F-4483-8DB8-C90669870528}.Release|Any CPU.ActiveCfg = Release|Any CPU
		{364F514A-3E0F-4483-8DB8-C90669870528}.Release|Any CPU.Build.0 = Release|Any CPU
		{BD5EA6BC-78AA-48A3-90A3-06B5923D8009}.Debug|Any CPU.ActiveCfg = Debug|Any CPU
		{BD5EA6BC-78AA-48A3-90A3-06B5923D8009}.Debug|Any CPU.Build.0 = Debug|Any CPU
		{BD5EA6BC-78AA-48A3-90A3-06B5923D8009}.Release|Any CPU.ActiveCfg = Release|Any CPU
		{BD5EA6BC-78AA-48A3-90A3-06B5923D8009}.Release|Any CPU.Build.0 = Release|Any CPU
		{D7909DDF-26CC-42A2-B726-06F0EB532AA6}.Debug|Any CPU.ActiveCfg = Debug|Any CPU
		{D7909DDF-26CC-42A2-B726-06F0EB532AA6}.Debug|Any CPU.Build.0 = Debug|Any CPU
		{D7909DDF-26CC-42A2-B726-06F0EB532AA6}.Release|Any CPU.ActiveCfg = Release|Any CPU
		{D7909DDF-26CC-42A2-B726-06F0EB532AA6}.Release|Any CPU.Build.0 = Release|Any CPU
		{9241F693-4A54-4270-9A5F-F398C393BA56}.Debug|Any CPU.ActiveCfg = Debug|Any CPU
		{9241F693-4A54-4270-9A5F-F398C393BA56}.Debug|Any CPU.Build.0 = Debug|Any CPU
		{9241F693-4A54-4270-9A5F-F398C393BA56}.Release|Any CPU.ActiveCfg = Release|Any CPU
		{9241F693-4A54-4270-9A5F-F398C393BA56}.Release|Any CPU.Build.0 = Release|Any CPU
	EndGlobalSection
	GlobalSection(SolutionProperties) = preSolution
		HideSolutionNode = FALSE
	EndGlobalSection
	GlobalSection(ExtensibilityGlobals) = postSolution
		SolutionGuid = {6823BDF7-D9B6-4626-8129-079A75A29B70}
	EndGlobalSection
EndGlobal
